// !$*UTF8*$!
{
	archiveVersion = 1;
	classes = {
	};
	objectVersion = 48;
	objects = {

/* Begin PBXBuildFile section */
		2B79188520160077004178F4 /* AppDelegate.swift in Sources */ = {isa = PBXBuildFile; fileRef = 2B79188420160077004178F4 /* AppDelegate.swift */; };
		2B79188720160077004178F4 /* OrdersViewController.swift in Sources */ = {isa = PBXBuildFile; fileRef = 2B79188620160077004178F4 /* OrdersViewController.swift */; };
		2B79188C20160077004178F4 /* Assets.xcassets in Resources */ = {isa = PBXBuildFile; fileRef = 2B79188B20160077004178F4 /* Assets.xcassets */; };
		2B79188F20160077004178F4 /* LaunchScreen.storyboard in Resources */ = {isa = PBXBuildFile; fileRef = 2B79188D20160077004178F4 /* LaunchScreen.storyboard */; };
		2B79189D2016041A004178F4 /* OrdersViews+Extension.swift in Sources */ = {isa = PBXBuildFile; fileRef = 2B79189C2016041A004178F4 /* OrdersViews+Extension.swift */; };
		2B79189F2016043A004178F4 /* OrdersModel.swift in Sources */ = {isa = PBXBuildFile; fileRef = 2B79189E2016043A004178F4 /* OrdersModel.swift */; };
		2B7918A220162FC1004178F4 /* Helpers.swift in Sources */ = {isa = PBXBuildFile; fileRef = 2B7918A120162FC1004178F4 /* Helpers.swift */; };
		2BDF128920163DA300E636BA /* Singleton.swift in Sources */ = {isa = PBXBuildFile; fileRef = 2BDF128820163DA300E636BA /* Singleton.swift */; };
		2BDF128B20165CBF00E636BA /* HeaderCell.swift in Sources */ = {isa = PBXBuildFile; fileRef = 2BDF128A20165CBF00E636BA /* HeaderCell.swift */; };
		2BDF128E20166C4500E636BA /* LoginViewController.swift in Sources */ = {isa = PBXBuildFile; fileRef = 2BDF128D20166C4500E636BA /* LoginViewController.swift */; };
		2BDF129420166CBE00E636BA /* LoginViewControler+Extension.swift in Sources */ = {isa = PBXBuildFile; fileRef = 2BDF129320166CBE00E636BA /* LoginViewControler+Extension.swift */; };
		2BDF129620166CDD00E636BA /* UserModel.swift in Sources */ = {isa = PBXBuildFile; fileRef = 2BDF129520166CDD00E636BA /* UserModel.swift */; };
		2BDF129820167BDF00E636BA /* DemoData.swift in Sources */ = {isa = PBXBuildFile; fileRef = 2BDF129720167BDF00E636BA /* DemoData.swift */; };
		2BDF129A2016842300E636BA /* ListCell.swift in Sources */ = {isa = PBXBuildFile; fileRef = 2BDF12992016842300E636BA /* ListCell.swift */; };
		D1F78C26CF95C20903055194 /* Pods_Hungerstation_Drivers.framework in Frameworks */ = {isa = PBXBuildFile; fileRef = 789E3EA3C6575F885BA3C282 /* Pods_Hungerstation_Drivers.framework */; };
/* End PBXBuildFile section */

/* Begin PBXFileReference section */
		2B79188120160077004178F4 /* Hungerstation Drivers.app */ = {isa = PBXFileReference; explicitFileType = wrapper.application; includeInIndex = 0; path = "Hungerstation Drivers.app"; sourceTree = BUILT_PRODUCTS_DIR; };
		2B79188420160077004178F4 /* AppDelegate.swift */ = {isa = PBXFileReference; lastKnownFileType = sourcecode.swift; path = AppDelegate.swift; sourceTree = "<group>"; };
		2B79188620160077004178F4 /* OrdersViewController.swift */ = {isa = PBXFileReference; lastKnownFileType = sourcecode.swift; path = OrdersViewController.swift; sourceTree = "<group>"; };
		2B79188B20160077004178F4 /* Assets.xcassets */ = {isa = PBXFileReference; lastKnownFileType = folder.assetcatalog; path = Assets.xcassets; sourceTree = "<group>"; };
		2B79188E20160077004178F4 /* Base */ = {isa = PBXFileReference; lastKnownFileType = file.storyboard; name = Base; path = Base.lproj/LaunchScreen.storyboard; sourceTree = "<group>"; };
		2B79189020160077004178F4 /* Info.plist */ = {isa = PBXFileReference; lastKnownFileType = text.plist.xml; path = Info.plist; sourceTree = "<group>"; };
		2B79189C2016041A004178F4 /* OrdersViews+Extension.swift */ = {isa = PBXFileReference; lastKnownFileType = sourcecode.swift; path = "OrdersViews+Extension.swift"; sourceTree = "<group>"; };
		2B79189E2016043A004178F4 /* OrdersModel.swift */ = {isa = PBXFileReference; lastKnownFileType = sourcecode.swift; path = OrdersModel.swift; sourceTree = "<group>"; };
		2B7918A120162FC1004178F4 /* Helpers.swift */ = {isa = PBXFileReference; lastKnownFileType = sourcecode.swift; path = Helpers.swift; sourceTree = "<group>"; };
		2BDF128820163DA300E636BA /* Singleton.swift */ = {isa = PBXFileReference; lastKnownFileType = sourcecode.swift; path = Singleton.swift; sourceTree = "<group>"; };
		2BDF128A20165CBF00E636BA /* HeaderCell.swift */ = {isa = PBXFileReference; lastKnownFileType = sourcecode.swift; path = HeaderCell.swift; sourceTree = "<group>"; };
		2BDF128D20166C4500E636BA /* LoginViewController.swift */ = {isa = PBXFileReference; lastKnownFileType = sourcecode.swift; path = LoginViewController.swift; sourceTree = "<group>"; };
		2BDF129320166CBE00E636BA /* LoginViewControler+Extension.swift */ = {isa = PBXFileReference; lastKnownFileType = sourcecode.swift; path = "LoginViewControler+Extension.swift"; sourceTree = "<group>"; };
		2BDF129520166CDD00E636BA /* UserModel.swift */ = {isa = PBXFileReference; lastKnownFileType = sourcecode.swift; path = UserModel.swift; sourceTree = "<group>"; };
		2BDF129720167BDF00E636BA /* DemoData.swift */ = {isa = PBXFileReference; lastKnownFileType = sourcecode.swift; path = DemoData.swift; sourceTree = "<group>"; };
		2BDF12992016842300E636BA /* ListCell.swift */ = {isa = PBXFileReference; lastKnownFileType = sourcecode.swift; path = ListCell.swift; sourceTree = "<group>"; };
		789E3EA3C6575F885BA3C282 /* Pods_Hungerstation_Drivers.framework */ = {isa = PBXFileReference; explicitFileType = wrapper.framework; includeInIndex = 0; path = Pods_Hungerstation_Drivers.framework; sourceTree = BUILT_PRODUCTS_DIR; };
		9D7B65D425096782FB88A8EF /* Pods-Hungerstation Drivers.debug.xcconfig */ = {isa = PBXFileReference; includeInIndex = 1; lastKnownFileType = text.xcconfig; name = "Pods-Hungerstation Drivers.debug.xcconfig"; path = "Pods/Target Support Files/Pods-Hungerstation Drivers/Pods-Hungerstation Drivers.debug.xcconfig"; sourceTree = "<group>"; };
		A3F58B54A9CFDA5E1443A121 /* Pods-Hungerstation Drivers.release.xcconfig */ = {isa = PBXFileReference; includeInIndex = 1; lastKnownFileType = text.xcconfig; name = "Pods-Hungerstation Drivers.release.xcconfig"; path = "Pods/Target Support Files/Pods-Hungerstation Drivers/Pods-Hungerstation Drivers.release.xcconfig"; sourceTree = "<group>"; };
/* End PBXFileReference section */

/* Begin PBXFrameworksBuildPhase section */
		2B79187E20160077004178F4 /* Frameworks */ = {
			isa = PBXFrameworksBuildPhase;
			buildActionMask = 2147483647;
			files = (
				D1F78C26CF95C20903055194 /* Pods_Hungerstation_Drivers.framework in Frameworks */,
			);
			runOnlyForDeploymentPostprocessing = 0;
		};
/* End PBXFrameworksBuildPhase section */

/* Begin PBXGroup section */
		014662EBE2F0C72A0EFA1873 /* Pods */ = {
			isa = PBXGroup;
			children = (
				9D7B65D425096782FB88A8EF /* Pods-Hungerstation Drivers.debug.xcconfig */,
				A3F58B54A9CFDA5E1443A121 /* Pods-Hungerstation Drivers.release.xcconfig */,
			);
			name = Pods;
			sourceTree = "<group>";
		};
		235A0251404FB225B1A2472C /* Frameworks */ = {
			isa = PBXGroup;
			children = (
				789E3EA3C6575F885BA3C282 /* Pods_Hungerstation_Drivers.framework */,
			);
			name = Frameworks;
			sourceTree = "<group>";
		};
		2B79187820160077004178F4 = {
			isa = PBXGroup;
			children = (
				2B79188320160077004178F4 /* Hungerstation Drivers */,
				2B79188220160077004178F4 /* Products */,
				014662EBE2F0C72A0EFA1873 /* Pods */,
				235A0251404FB225B1A2472C /* Frameworks */,
			);
			sourceTree = "<group>";
		};
		2B79188220160077004178F4 /* Products */ = {
			isa = PBXGroup;
			children = (
				2B79188120160077004178F4 /* Hungerstation Drivers.app */,
			);
			name = Products;
			sourceTree = "<group>";
		};
		2B79188320160077004178F4 /* Hungerstation Drivers */ = {
			isa = PBXGroup;
			children = (
				2B79189020160077004178F4 /* Info.plist */,
				2B79189720160390004178F4 /* Hungerstation */,
			);
			path = "Hungerstation Drivers";
			sourceTree = "<group>";
		};
		2B79189620160085004178F4 /* App Defaults */ = {
			isa = PBXGroup;
			children = (
				2B79188D20160077004178F4 /* LaunchScreen.storyboard */,
				2B79188420160077004178F4 /* AppDelegate.swift */,
				2B79188B20160077004178F4 /* Assets.xcassets */,
			);
			path = "App Defaults";
			sourceTree = "<group>";
		};
		2B79189720160390004178F4 /* Hungerstation */ = {
			isa = PBXGroup;
			children = (
				2B79189620160085004178F4 /* App Defaults */,
				2B7918A020162FA2004178F4 /* Helpers */,
				2B791898201603B0004178F4 /* Orders List */,
				2BDF128F20166C5000E636BA /* User Login  */,
			);
			name = Hungerstation;
			sourceTree = "<group>";
		};
		2B791898201603B0004178F4 /* Orders List */ = {
			isa = PBXGroup;
			children = (
				2B79189B201603D4004178F4 /* Models */,
				2B79189A201603C8004178F4 /* Controllers */,
				2B791899201603C2004178F4 /* Views */,
			);
			name = "Orders List";
			sourceTree = "<group>";
		};
		2B791899201603C2004178F4 /* Views */ = {
			isa = PBXGroup;
			children = (
				2BDF128C20165CCE00E636BA /* Custom Cells */,
				2B79188620160077004178F4 /* OrdersViewController.swift */,
			);
			path = Views;
			sourceTree = "<group>";
		};
		2B79189A201603C8004178F4 /* Controllers */ = {
			isa = PBXGroup;
			children = (
				2B79189C2016041A004178F4 /* OrdersViews+Extension.swift */,
			);
			name = Controllers;
			path = Views;
			sourceTree = "<group>";
		};
		2B79189B201603D4004178F4 /* Models */ = {
			isa = PBXGroup;
			children = (
				2B79189E2016043A004178F4 /* OrdersModel.swift */,
				2BDF129720167BDF00E636BA /* DemoData.swift */,
			);
			name = Models;
			sourceTree = "<group>";
		};
		2B7918A020162FA2004178F4 /* Helpers */ = {
			isa = PBXGroup;
			children = (
				2B7918A120162FC1004178F4 /* Helpers.swift */,
				2BDF128820163DA300E636BA /* Singleton.swift */,
			);
			path = Helpers;
			sourceTree = "<group>";
		};
		2BDF128C20165CCE00E636BA /* Custom Cells */ = {
			isa = PBXGroup;
			children = (
				2BDF128A20165CBF00E636BA /* HeaderCell.swift */,
				2BDF12992016842300E636BA /* ListCell.swift */,
			);
			path = "Custom Cells";
			sourceTree = "<group>";
		};
		2BDF128F20166C5000E636BA /* User Login  */ = {
			isa = PBXGroup;
			children = (
				2BDF129220166C9B00E636BA /* Views */,
				2BDF129120166C9300E636BA /* Controllers */,
				2BDF129020166C7F00E636BA /* Models */,
			);
			name = "User Login ";
			sourceTree = "<group>";
		};
		2BDF129020166C7F00E636BA /* Models */ = {
			isa = PBXGroup;
			children = (
				2BDF129520166CDD00E636BA /* UserModel.swift */,
			);
			path = Models;
			sourceTree = "<group>";
		};
		2BDF129120166C9300E636BA /* Controllers */ = {
			isa = PBXGroup;
			children = (
				2BDF129320166CBE00E636BA /* LoginViewControler+Extension.swift */,
			);
			path = Controllers;
			sourceTree = "<group>";
		};
		2BDF129220166C9B00E636BA /* Views */ = {
			isa = PBXGroup;
			children = (
				2BDF128D20166C4500E636BA /* LoginViewController.swift */,
			);
			name = Views;
			sourceTree = "<group>";
		};
/* End PBXGroup section */

/* Begin PBXNativeTarget section */
		2B79188020160077004178F4 /* Hungerstation Drivers */ = {
			isa = PBXNativeTarget;
			buildConfigurationList = 2B79189320160077004178F4 /* Build configuration list for PBXNativeTarget "Hungerstation Drivers" */;
			buildPhases = (
				1EBED7FB4ED770DA7BB49A63 /* [CP] Check Pods Manifest.lock */,
				2B79187D20160077004178F4 /* Sources */,
				2B79187E20160077004178F4 /* Frameworks */,
				2B79187F20160077004178F4 /* Resources */,
				83FBA5961AE837C2A18426FA /* [CP] Embed Pods Frameworks */,
				E422540EA56A9CAA40B3F515 /* [CP] Copy Pods Resources */,
			);
			buildRules = (
			);
			dependencies = (
			);
			name = "Hungerstation Drivers";
			productName = "Hungerstation Drivers";
			productReference = 2B79188120160077004178F4 /* Hungerstation Drivers.app */;
			productType = "com.apple.product-type.application";
		};
/* End PBXNativeTarget section */

/* Begin PBXProject section */
		2B79187920160077004178F4 /* Project object */ = {
			isa = PBXProject;
			attributes = {
				LastSwiftUpdateCheck = 0920;
				LastUpgradeCheck = 0920;
				ORGANIZATIONNAME = "Mohamad Kaakati";
				TargetAttributes = {
					2B79188020160077004178F4 = {
						CreatedOnToolsVersion = 9.2;
						ProvisioningStyle = Automatic;
					};
				};
			};
			buildConfigurationList = 2B79187C20160077004178F4 /* Build configuration list for PBXProject "Hungerstation Drivers" */;
			compatibilityVersion = "Xcode 8.0";
			developmentRegion = en;
			hasScannedForEncodings = 0;
			knownRegions = (
				en,
				Base,
			);
			mainGroup = 2B79187820160077004178F4;
			productRefGroup = 2B79188220160077004178F4 /* Products */;
			projectDirPath = "";
			projectRoot = "";
			targets = (
				2B79188020160077004178F4 /* Hungerstation Drivers */,
			);
		};
/* End PBXProject section */

/* Begin PBXResourcesBuildPhase section */
		2B79187F20160077004178F4 /* Resources */ = {
			isa = PBXResourcesBuildPhase;
			buildActionMask = 2147483647;
			files = (
				2B79188F20160077004178F4 /* LaunchScreen.storyboard in Resources */,
				2B79188C20160077004178F4 /* Assets.xcassets in Resources */,
			);
			runOnlyForDeploymentPostprocessing = 0;
		};
/* End PBXResourcesBuildPhase section */

/* Begin PBXShellScriptBuildPhase section */
		1EBED7FB4ED770DA7BB49A63 /* [CP] Check Pods Manifest.lock */ = {
			isa = PBXShellScriptBuildPhase;
			buildActionMask = 2147483647;
			files = (
			);
			inputPaths = (
			);
			name = "[CP] Check Pods Manifest.lock";
			outputPaths = (
			);
			runOnlyForDeploymentPostprocessing = 0;
			shellPath = /bin/sh;
			shellScript = "diff \"${PODS_PODFILE_DIR_PATH}/Podfile.lock\" \"${PODS_ROOT}/Manifest.lock\" > /dev/null\nif [ $? != 0 ] ; then\n    # print error to STDERR\n    echo \"error: The sandbox is not in sync with the Podfile.lock. Run 'pod install' or update your CocoaPods installation.\" >&2\n    exit 1\nfi\n";
			showEnvVarsInLog = 0;
		};
		83FBA5961AE837C2A18426FA /* [CP] Embed Pods Frameworks */ = {
			isa = PBXShellScriptBuildPhase;
			buildActionMask = 2147483647;
			files = (
			);
			inputPaths = (
			);
			name = "[CP] Embed Pods Frameworks";
			outputPaths = (
			);
			runOnlyForDeploymentPostprocessing = 0;
			shellPath = /bin/sh;
			shellScript = "\"${SRCROOT}/Pods/Target Support Files/Pods-Hungerstation Drivers/Pods-Hungerstation Drivers-frameworks.sh\"\n";
			showEnvVarsInLog = 0;
		};
		E422540EA56A9CAA40B3F515 /* [CP] Copy Pods Resources */ = {
			isa = PBXShellScriptBuildPhase;
			buildActionMask = 2147483647;
			files = (
			);
			inputPaths = (
			);
			name = "[CP] Copy Pods Resources";
			outputPaths = (
			);
			runOnlyForDeploymentPostprocessing = 0;
			shellPath = /bin/sh;
			shellScript = "\"${SRCROOT}/Pods/Target Support Files/Pods-Hungerstation Drivers/Pods-Hungerstation Drivers-resources.sh\"\n";
			showEnvVarsInLog = 0;
		};
/* End PBXShellScriptBuildPhase section */

/* Begin PBXSourcesBuildPhase section */
		2B79187D20160077004178F4 /* Sources */ = {
			isa = PBXSourcesBuildPhase;
			buildActionMask = 2147483647;
			files = (
				2B79189F2016043A004178F4 /* OrdersModel.swift in Sources */,
				2BDF128920163DA300E636BA /* Singleton.swift in Sources */,
				2B79188720160077004178F4 /* OrdersViewController.swift in Sources */,
				2BDF129820167BDF00E636BA /* DemoData.swift in Sources */,
				2B79189D2016041A004178F4 /* OrdersViews+Extension.swift in Sources */,
				2BDF128E20166C4500E636BA /* LoginViewController.swift in Sources */,
				2BDF129420166CBE00E636BA /* LoginViewControler+Extension.swift in Sources */,
				2B7918A220162FC1004178F4 /* Helpers.swift in Sources */,
				2B79188520160077004178F4 /* AppDelegate.swift in Sources */,
				2BDF129A2016842300E636BA /* ListCell.swift in Sources */,
				2BDF129620166CDD00E636BA /* UserModel.swift in Sources */,
				2BDF128B20165CBF00E636BA /* HeaderCell.swift in Sources */,
			);
			runOnlyForDeploymentPostprocessing = 0;
		};
/* End PBXSourcesBuildPhase section */

/* Begin PBXVariantGroup section */
		2B79188D20160077004178F4 /* LaunchScreen.storyboard */ = {
			isa = PBXVariantGroup;
			children = (
				2B79188E20160077004178F4 /* Base */,
			);
			name = LaunchScreen.storyboard;
			sourceTree = "<group>";
		};
/* End PBXVariantGroup section */

/* Begin XCBuildConfiguration section */
		2B79189120160077004178F4 /* Debug */ = {
			isa = XCBuildConfiguration;
			buildSettings = {
				ALWAYS_SEARCH_USER_PATHS = NO;
				CLANG_ANALYZER_NONNULL = YES;
				CLANG_ANALYZER_NUMBER_OBJECT_CONVERSION = YES_AGGRESSIVE;
				CLANG_CXX_LANGUAGE_STANDARD = "gnu++14";
				CLANG_CXX_LIBRARY = "libc++";
				CLANG_ENABLE_MODULES = YES;
				CLANG_ENABLE_OBJC_ARC = YES;
				CLANG_WARN_BLOCK_CAPTURE_AUTORELEASING = YES;
				CLANG_WARN_BOOL_CONVERSION = YES;
				CLANG_WARN_COMMA = YES;
				CLANG_WARN_CONSTANT_CONVERSION = YES;
				CLANG_WARN_DIRECT_OBJC_ISA_USAGE = YES_ERROR;
				CLANG_WARN_DOCUMENTATION_COMMENTS = YES;
				CLANG_WARN_EMPTY_BODY = YES;
				CLANG_WARN_ENUM_CONVERSION = YES;
				CLANG_WARN_INFINITE_RECURSION = YES;
				CLANG_WARN_INT_CONVERSION = YES;
				CLANG_WARN_NON_LITERAL_NULL_CONVERSION = YES;
				CLANG_WARN_OBJC_LITERAL_CONVERSION = YES;
				CLANG_WARN_OBJC_ROOT_CLASS = YES_ERROR;
				CLANG_WARN_RANGE_LOOP_ANALYSIS = YES;
				CLANG_WARN_STRICT_PROTOTYPES = YES;
				CLANG_WARN_SUSPICIOUS_MOVE = YES;
				CLANG_WARN_UNGUARDED_AVAILABILITY = YES_AGGRESSIVE;
				CLANG_WARN_UNREACHABLE_CODE = YES;
				CLANG_WARN__DUPLICATE_METHOD_MATCH = YES;
				CODE_SIGN_IDENTITY = "iPhone Developer";
				COPY_PHASE_STRIP = NO;
				DEBUG_INFORMATION_FORMAT = dwarf;
				ENABLE_STRICT_OBJC_MSGSEND = YES;
				ENABLE_TESTABILITY = YES;
				GCC_C_LANGUAGE_STANDARD = gnu11;
				GCC_DYNAMIC_NO_PIC = NO;
				GCC_NO_COMMON_BLOCKS = YES;
				GCC_OPTIMIZATION_LEVEL = 0;
				GCC_PREPROCESSOR_DEFINITIONS = (
					"DEBUG=1",
					"$(inherited)",
				);
				GCC_WARN_64_TO_32_BIT_CONVERSION = YES;
				GCC_WARN_ABOUT_RETURN_TYPE = YES_ERROR;
				GCC_WARN_UNDECLARED_SELECTOR = YES;
				GCC_WARN_UNINITIALIZED_AUTOS = YES_AGGRESSIVE;
				GCC_WARN_UNUSED_FUNCTION = YES;
				GCC_WARN_UNUSED_VARIABLE = YES;
				IPHONEOS_DEPLOYMENT_TARGET = 11.2;
				MTL_ENABLE_DEBUG_INFO = YES;
				ONLY_ACTIVE_ARCH = YES;
				SDKROOT = iphoneos;
				SWIFT_ACTIVE_COMPILATION_CONDITIONS = DEBUG;
				SWIFT_OPTIMIZATION_LEVEL = "-Onone";
			};
			name = Debug;
		};
		2B79189220160077004178F4 /* Release */ = {
			isa = XCBuildConfiguration;
			buildSettings = {
				ALWAYS_SEARCH_USER_PATHS = NO;
				CLANG_ANALYZER_NONNULL = YES;
				CLANG_ANALYZER_NUMBER_OBJECT_CONVERSION = YES_AGGRESSIVE;
				CLANG_CXX_LANGUAGE_STANDARD = "gnu++14";
				CLANG_CXX_LIBRARY = "libc++";
				CLANG_ENABLE_MODULES = YES;
				CLANG_ENABLE_OBJC_ARC = YES;
				CLANG_WARN_BLOCK_CAPTURE_AUTORELEASING = YES;
				CLANG_WARN_BOOL_CONVERSION = YES;
				CLANG_WARN_COMMA = YES;
				CLANG_WARN_CONSTANT_CONVERSION = YES;
				CLANG_WARN_DIRECT_OBJC_ISA_USAGE = YES_ERROR;
				CLANG_WARN_DOCUMENTATION_COMMENTS = YES;
				CLANG_WARN_EMPTY_BODY = YES;
				CLANG_WARN_ENUM_CONVERSION = YES;
				CLANG_WARN_INFINITE_RECURSION = YES;
				CLANG_WARN_INT_CONVERSION = YES;
				CLANG_WARN_NON_LITERAL_NULL_CONVERSION = YES;
				CLANG_WARN_OBJC_LITERAL_CONVERSION = YES;
				CLANG_WARN_OBJC_ROOT_CLASS = YES_ERROR;
				CLANG_WARN_RANGE_LOOP_ANALYSIS = YES;
				CLANG_WARN_STRICT_PROTOTYPES = YES;
				CLANG_WARN_SUSPICIOUS_MOVE = YES;
				CLANG_WARN_UNGUARDED_AVAILABILITY = YES_AGGRESSIVE;
				CLANG_WARN_UNREACHABLE_CODE = YES;
				CLANG_WARN__DUPLICATE_METHOD_MATCH = YES;
				CODE_SIGN_IDENTITY = "iPhone Developer";
				COPY_PHASE_STRIP = NO;
				DEBUG_INFORMATION_FORMAT = "dwarf-with-dsym";
				ENABLE_NS_ASSERTIONS = NO;
				ENABLE_STRICT_OBJC_MSGSEND = YES;
				GCC_C_LANGUAGE_STANDARD = gnu11;
				GCC_NO_COMMON_BLOCKS = YES;
				GCC_WARN_64_TO_32_BIT_CONVERSION = YES;
				GCC_WARN_ABOUT_RETURN_TYPE = YES_ERROR;
				GCC_WARN_UNDECLARED_SELECTOR = YES;
				GCC_WARN_UNINITIALIZED_AUTOS = YES_AGGRESSIVE;
				GCC_WARN_UNUSED_FUNCTION = YES;
				GCC_WARN_UNUSED_VARIABLE = YES;
				IPHONEOS_DEPLOYMENT_TARGET = 11.2;
				MTL_ENABLE_DEBUG_INFO = NO;
				SDKROOT = iphoneos;
				SWIFT_OPTIMIZATION_LEVEL = "-Owholemodule";
				VALIDATE_PRODUCT = YES;
			};
			name = Release;
		};
		2B79189420160077004178F4 /* Debug */ = {
			isa = XCBuildConfiguration;
			baseConfigurationReference = 9D7B65D425096782FB88A8EF /* Pods-Hungerstation Drivers.debug.xcconfig */;
			buildSettings = {
				ASSETCATALOG_COMPILER_APPICON_NAME = AppIcon;
				CODE_SIGN_STYLE = Automatic;
				DEVELOPMENT_TEAM = C2CF5GZW7X;
				INFOPLIST_FILE = "Hungerstation Drivers/Info.plist";
				LD_RUNPATH_SEARCH_PATHS = "$(inherited) @executable_path/Frameworks";
				PRODUCT_BUNDLE_IDENTIFIER = "com.kaakati.Hungerstation-Drivers";
				PRODUCT_NAME = "$(TARGET_NAME)";
				SWIFT_VERSION = 4.0;
				TARGETED_DEVICE_FAMILY = "1,2";
			};
			name = Debug;
		};
		2B79189520160077004178F4 /* Release */ = {
			isa = XCBuildConfiguration;
			baseConfigurationReference = A3F58B54A9CFDA5E1443A121 /* Pods-Hungerstation Drivers.release.xcconfig */;
			buildSettings = {
				ASSETCATALOG_COMPILER_APPICON_NAME = AppIcon;
				CODE_SIGN_STYLE = Automatic;
				DEVELOPMENT_TEAM = C2CF5GZW7X;
				INFOPLIST_FILE = "Hungerstation Drivers/Info.plist";
				LD_RUNPATH_SEARCH_PATHS = "$(inherited) @executable_path/Frameworks";
				PRODUCT_BUNDLE_IDENTIFIER = "com.kaakati.Hungerstation-Drivers";
				PRODUCT_NAME = "$(TARGET_NAME)";
				SWIFT_VERSION = 4.0;
				TARGETED_DEVICE_FAMILY = "1,2";
			};
			name = Release;
		};
/* End XCBuildConfiguration section */

/* Begin XCConfigurationList section */
		2B79187C20160077004178F4 /* Build configuration list for PBXProject "Hungerstation Drivers" */ = {
			isa = XCConfigurationList;
			buildConfigurations = (
				2B79189120160077004178F4 /* Debug */,
				2B79189220160077004178F4 /* Release */,
			);
			defaultConfigurationIsVisible = 0;
			defaultConfigurationName = Release;
		};
		2B79189320160077004178F4 /* Build configuration list for PBXNativeTarget "Hungerstation Drivers" */ = {
			isa = XCConfigurationList;
			buildConfigurations = (
				2B79189420160077004178F4 /* Debug */,
				2B79189520160077004178F4 /* Release */,
			);
			defaultConfigurationIsVisible = 0;
			defaultConfigurationName = Release;
		};
/* End XCConfigurationList section */
	};
	rootObject = 2B79187920160077004178F4 /* Project object */;
}
